
Microsoft Visual Studio Solution File, Format Version 12.00
# Visual Studio Version 17
VisualStudioVersion = 17.3.32922.545
MinimumVisualStudioVersion = 10.0.40219.1
Project("{FAE04EC0-301F-11D3-BF4B-00C04F79EFBC}") = "Practica_3", "Practica_3\Practica_3.csproj", "{23026184-A6A7-47DC-9DF8-D52A2B885A43}"
EndProject
Project("{2150E333-8FDC-42A3-9474-1A3956D46DE8}") = "Elementos de la solución", "Elementos de la solución", "{F5415C70-9153-41EF-B963-9D49ACD8CD4A}"
	ProjectSection(SolutionItems) = preProject
		..\..\ambiente.jpg = ..\..\ambiente.jpg
		..\..\cielo.jpg = ..\..\cielo.jpg
	EndProjectSection
EndProject
Global
	GlobalSection(SolutionConfigurationPlatforms) = preSolution
		Debug|Any CPU = Debug|Any CPU
		Release|Any CPU = Release|Any CPU
	EndGlobalSection
	GlobalSection(ProjectConfigurationPlatforms) = postSolution
		{23026184-A6A7-47DC-9DF8-D52A2B885A43}.Debug|Any CPU.ActiveCfg = Debug|Any CPU
		{23026184-A6A7-47DC-9DF8-D52A2B885A43}.Debug|Any CPU.Build.0 = Debug|Any CPU
		{23026184-A6A7-47DC-9DF8-D52A2B885A43}.Release|Any CPU.ActiveCfg = Release|Any CPU
		{23026184-A6A7-47DC-9DF8-D52A2B885A43}.Release|Any CPU.Build.0 = Release|Any CPU
	EndGlobalSection
	GlobalSection(SolutionProperties) = preSolution
		HideSolutionNode = FALSE
	EndGlobalSection
	GlobalSection(ExtensibilityGlobals) = postSolution
		SolutionGuid = {5DBE3EC0-1390-4322-8944-57345985D799}
	EndGlobalSection
EndGlobal
